
Microsoft Visual Studio Solution File, Format Version 12.00
# Visual Studio Version 18
VisualStudioVersion = 18.4.11612.150
MinimumVisualStudioVersion = 10.0.40219.1
Project("{2150E333-8FDC-42A3-9474-1A3956D46DE8}") = "Solution Items", "Solution Items", "{4FADEEF1-ACB6-4050-BA0B-00EE89F31B78}"
	ProjectSection(SolutionItems) = preProject
		.editorconfig = .editorconfig
		Directory.Build.props = Directory.Build.props
	EndProjectSection
EndProject
Project("{2150E333-8FDC-42A3-9474-1A3956D46DE8}") = "CICD", "CICD", "{9BBACC41-EEAF-48DB-9D4F-CB020D96391D}"
	ProjectSection(SolutionItems) = preProject
		azure-pipelines.yml = azure-pipelines.yml
	EndProjectSection
EndProject
Project("{2150E333-8FDC-42A3-9474-1A3956D46DE8}") = "Core", "Core", "{FBF56CC3-7AE6-AD2D-3F14-7F97FD322CD6}"
EndProject
Project("{FAE04EC0-301F-11D3-BF4B-00C04F79EFBC}") = "Solution.Parser.Core", "src\Solution.Parser.Core\Solution.Parser.Core.csproj", "{6ABB8ABB-61EB-49F3-9EC7-309ADBCAEC88}"
EndProject
Project("{2150E333-8FDC-42A3-9474-1A3956D46DE8}") = "CSharp", "CSharp", "{B41BF331-FCCB-2ADF-CDB6-767964B34647}"
EndProject
Project("{FAE04EC0-301F-11D3-BF4B-00C04F79EFBC}") = "Solution.Parser.CSharp", "src\Solution.Parser.CSharp\Solution.Parser.CSharp.csproj", "{7FBC8620-0439-4B81-829B-5B20EDF55D6F}"
EndProject
Project("{2150E333-8FDC-42A3-9474-1A3956D46DE8}") = "Xaml", "Xaml", "{62F57BB6-AF1A-F166-D03B-C5F0DB11F699}"
EndProject
Project("{FAE04EC0-301F-11D3-BF4B-00C04F79EFBC}") = "Solution.Parser.Xaml", "src\Solution.Parser.Xaml\Solution.Parser.Xaml.csproj", "{4755E6D0-08E6-41C1-9034-3183D45C9FF3}"
EndProject
Project("{2150E333-8FDC-42A3-9474-1A3956D46DE8}") = "AspNet", "AspNet", "{549A28BB-0260-FBDA-8AF1-943279ECC862}"
EndProject
Project("{FAE04EC0-301F-11D3-BF4B-00C04F79EFBC}") = "Solution.Parser.AspNet", "src\Solution.Parser.AspNet\Solution.Parser.AspNet.csproj", "{3422DBBD-5D87-487B-B03B-EBB4AD552A48}"
EndProject
Project("{FAE04EC0-301F-11D3-BF4B-00C04F79EFBC}") = "Solution.Parser.Project", "src\Solution.Parser.Project\Solution.Parser.Project.csproj", "{FB371347-A633-4B62-966B-CD55D493B179}"
EndProject
Project("{2150E333-8FDC-42A3-9474-1A3956D46DE8}") = "MSBuild", "MSBuild", "{0AE9356B-9A80-BE18-6E73-73CF4025CC47}"
EndProject
Project("{FAE04EC0-301F-11D3-BF4B-00C04F79EFBC}") = "Solution.Parser.Nuspec", "src\Solution.Parser.Nuspec\Solution.Parser.Nuspec.csproj", "{4032194F-E56D-49AD-8A1E-6C3D4861DEE7}"
EndProject
Project("{FAE04EC0-301F-11D3-BF4B-00C04F79EFBC}") = "Solution.Parser.Sln", "src\Solution.Parser.Sln\Solution.Parser.Sln.csproj", "{2011A2F7-DC1D-47CB-8C15-A41DE91AA39A}"
EndProject
Project("{FAE04EC0-301F-11D3-BF4B-00C04F79EFBC}") = "Solution.Parser.Sln.Test", "src\Solution.Parser.Sln.Test\Solution.Parser.Sln.Test.csproj", "{30EFA83A-F611-4912-9F3C-247000F5AC23}"
EndProject
Project("{FAE04EC0-301F-11D3-BF4B-00C04F79EFBC}") = "Solution.Parser.CSharp.Test", "src\Solution.Parser.CSharp.Test\Solution.Parser.CSharp.Test.csproj", "{B5DE1315-AD1E-4DA2-BEF4-2D4EB7038423}"
EndProject
Project("{FAE04EC0-301F-11D3-BF4B-00C04F79EFBC}") = "Solution.Parser.Xaml.Test", "src\Solution.Parser.Xaml.Test\Solution.Parser.Xaml.Test.csproj", "{114A98C2-3056-4271-B700-81DA7FD38932}"
EndProject
Project("{2150E333-8FDC-42A3-9474-1A3956D46DE8}") = "Tests", "Tests", "{0AB3BF05-4346-4AA6-1389-037BE0695223}"
EndProject
Project("{FAE04EC0-301F-11D3-BF4B-00C04F79EFBC}") = "Solution.Parser.Architecture.Test", "src\Solution.Parser.Architecture.Test\Solution.Parser.Architecture.Test.csproj", "{568C30C3-DA73-4E08-A524-4FAB57C4082B}"
EndProject
Project("{2150E333-8FDC-42A3-9474-1A3956D46DE8}") = "Samples", "Samples", "{30012F5B-8D5E-E53D-93C1-0890C41C65FA}"
EndProject
Project("{FAE04EC0-301F-11D3-BF4B-00C04F79EFBC}") = "SampleApp.Wpf", "src\SampleApp.Wpf\SampleApp.Wpf.csproj", "{EE5D71EE-7C08-44CF-954B-31352D60AA33}"
EndProject
Project("{FAE04EC0-301F-11D3-BF4B-00C04F79EFBC}") = "SampleApp.Wpf.Test", "src\SampleApp.Wpf.Test\SampleApp.Wpf.Test.csproj", "{3435330F-4839-4AC4-A418-F3B9ED6782AF}"
EndProject
Project("{2150E333-8FDC-42A3-9474-1A3956D46DE8}") = "Package", "Package", "{BBD3DA59-949E-DE27-B4B0-19AAD67562FF}"
EndProject
Project("{FAE04EC0-301F-11D3-BF4B-00C04F79EFBC}") = "Solution.Parser", "src\Solution.Parser\Solution.Parser.csproj", "{A91738CD-6C39-48C2-AF24-CE9E85BC16E1}"
EndProject
Project("{2150E333-8FDC-42A3-9474-1A3956D46DE8}") = "Projects", "Projects", "{493EA8EA-61FD-474A-8D48-0E4D51D6225F}"
EndProject
Project("{FAE04EC0-301F-11D3-BF4B-00C04F79EFBC}") = "Solution.Parser.CSharp.Semantic", "src\Solution.Parser.CSharp.Semantic\Solution.Parser.CSharp.Semantic.csproj", "{E1CEDF5E-7144-4E56-B792-66B732895CF8}"
EndProject
Project("{FAE04EC0-301F-11D3-BF4B-00C04F79EFBC}") = "Solution.Parser.CSharp.Semantic.Test", "src\Solution.Parser.CSharp.Semantic.Test\Solution.Parser.CSharp.Semantic.Test.csproj", "{503AE100-5C4D-4D3E-9E1C-50C7AA84449E}"
EndProject
Global
	GlobalSection(SolutionConfigurationPlatforms) = preSolution
		Debug|Any CPU = Debug|Any CPU
		Debug|x64 = Debug|x64
		Debug|x86 = Debug|x86
		Release|Any CPU = Release|Any CPU
		Release|x64 = Release|x64
		Release|x86 = Release|x86
	EndGlobalSection
	GlobalSection(ProjectConfigurationPlatforms) = postSolution
		{6ABB8ABB-61EB-49F3-9EC7-309ADBCAEC88}.Debug|Any CPU.ActiveCfg = Debug|Any CPU
		{6ABB8ABB-61EB-49F3-9EC7-309ADBCAEC88}.Debug|Any CPU.Build.0 = Debug|Any CPU
		{6ABB8ABB-61EB-49F3-9EC7-309ADBCAEC88}.Debug|x64.ActiveCfg = Debug|Any CPU
		{6ABB8ABB-61EB-49F3-9EC7-309ADBCAEC88}.Debug|x64.Build.0 = Debug|Any CPU
		{6ABB8ABB-61EB-49F3-9EC7-309ADBCAEC88}.Debug|x86.ActiveCfg = Debug|Any CPU
		{6ABB8ABB-61EB-49F3-9EC7-309ADBCAEC88}.Debug|x86.Build.0 = Debug|Any CPU
		{6ABB8ABB-61EB-49F3-9EC7-309ADBCAEC88}.Release|Any CPU.ActiveCfg = Release|Any CPU
		{6ABB8ABB-61EB-49F3-9EC7-309ADBCAEC88}.Release|Any CPU.Build.0 = Release|Any CPU
		{6ABB8ABB-61EB-49F3-9EC7-309ADBCAEC88}.Release|x64.ActiveCfg = Release|Any CPU
		{6ABB8ABB-61EB-49F3-9EC7-309ADBCAEC88}.Release|x64.Build.0 = Release|Any CPU
		{6ABB8ABB-61EB-49F3-9EC7-309ADBCAEC88}.Release|x86.ActiveCfg = Release|Any CPU
		{6ABB8ABB-61EB-49F3-9EC7-309ADBCAEC88}.Release|x86.Build.0 = Release|Any CPU
		{7FBC8620-0439-4B81-829B-5B20EDF55D6F}.Debug|Any CPU.ActiveCfg = Debug|Any CPU
		{7FBC8620-0439-4B81-829B-5B20EDF55D6F}.Debug|Any CPU.Build.0 = Debug|Any CPU
		{7FBC8620-0439-4B81-829B-5B20EDF55D6F}.Debug|x64.ActiveCfg = Debug|Any CPU
		{7FBC8620-0439-4B81-829B-5B20EDF55D6F}.Debug|x64.Build.0 = Debug|Any CPU
		{7FBC8620-0439-4B81-829B-5B20EDF55D6F}.Debug|x86.ActiveCfg = Debug|Any CPU
		{7FBC8620-0439-4B81-829B-5B20EDF55D6F}.Debug|x86.Build.0 = Debug|Any CPU
		{7FBC8620-0439-4B81-829B-5B20EDF55D6F}.Release|Any CPU.ActiveCfg = Release|Any CPU
		{7FBC8620-0439-4B81-829B-5B20EDF55D6F}.Release|Any CPU.Build.0 = Release|Any CPU
		{7FBC8620-0439-4B81-829B-5B20EDF55D6F}.Release|x64.ActiveCfg = Release|Any CPU
		{7FBC8620-0439-4B81-829B-5B20EDF55D6F}.Release|x64.Build.0 = Release|Any CPU
		{7FBC8620-0439-4B81-829B-5B20EDF55D6F}.Release|x86.ActiveCfg = Release|Any CPU
		{7FBC8620-0439-4B81-829B-5B20EDF55D6F}.Release|x86.Build.0 = Release|Any CPU
		{4755E6D0-08E6-41C1-9034-3183D45C9FF3}.Debug|Any CPU.ActiveCfg = Debug|Any CPU
		{4755E6D0-08E6-41C1-9034-3183D45C9FF3}.Debug|Any CPU.Build.0 = Debug|Any CPU
		{4755E6D0-08E6-41C1-9034-3183D45C9FF3}.Debug|x64.ActiveCfg = Debug|Any CPU
		{4755E6D0-08E6-41C1-9034-3183D45C9FF3}.Debug|x64.Build.0 = Debug|Any CPU
		{4755E6D0-08E6-41C1-9034-3183D45C9FF3}.Debug|x86.ActiveCfg = Debug|Any CPU
		{4755E6D0-08E6-41C1-9034-3183D45C9FF3}.Debug|x86.Build.0 = Debug|Any CPU
		{4755E6D0-08E6-41C1-9034-3183D45C9FF3}.Release|Any CPU.ActiveCfg = Release|Any CPU
		{4755E6D0-08E6-41C1-9034-3183D45C9FF3}.Release|Any CPU.Build.0 = Release|Any CPU
		{4755E6D0-08E6-41C1-9034-3183D45C9FF3}.Release|x64.ActiveCfg = Release|Any CPU
		{4755E6D0-08E6-41C1-9034-3183D45C9FF3}.Release|x64.Build.0 = Release|Any CPU
		{4755E6D0-08E6-41C1-9034-3183D45C9FF3}.Release|x86.ActiveCfg = Release|Any CPU
		{4755E6D0-08E6-41C1-9034-3183D45C9FF3}.Release|x86.Build.0 = Release|Any CPU
		{3422DBBD-5D87-487B-B03B-EBB4AD552A48}.Debug|Any CPU.ActiveCfg = Debug|Any CPU
		{3422DBBD-5D87-487B-B03B-EBB4AD552A48}.Debug|Any CPU.Build.0 = Debug|Any CPU
		{3422DBBD-5D87-487B-B03B-EBB4AD552A48}.Debug|x64.ActiveCfg = Debug|Any CPU
		{3422DBBD-5D87-487B-B03B-EBB4AD552A48}.Debug|x64.Build.0 = Debug|Any CPU
		{3422DBBD-5D87-487B-B03B-EBB4AD552A48}.Debug|x86.ActiveCfg = Debug|Any CPU
		{3422DBBD-5D87-487B-B03B-EBB4AD552A48}.Debug|x86.Build.0 = Debug|Any CPU
		{3422DBBD-5D87-487B-B03B-EBB4AD552A48}.Release|Any CPU.ActiveCfg = Release|Any CPU
		{3422DBBD-5D87-487B-B03B-EBB4AD552A48}.Release|Any CPU.Build.0 = Release|Any CPU
		{3422DBBD-5D87-487B-B03B-EBB4AD552A48}.Release|x64.ActiveCfg = Release|Any CPU
		{3422DBBD-5D87-487B-B03B-EBB4AD552A48}.Release|x64.Build.0 = Release|Any CPU
		{3422DBBD-5D87-487B-B03B-EBB4AD552A48}.Release|x86.ActiveCfg = Release|Any CPU
		{3422DBBD-5D87-487B-B03B-EBB4AD552A48}.Release|x86.Build.0 = Release|Any CPU
		{FB371347-A633-4B62-966B-CD55D493B179}.Debug|Any CPU.ActiveCfg = Debug|Any CPU
		{FB371347-A633-4B62-966B-CD55D493B179}.Debug|Any CPU.Build.0 = Debug|Any CPU
		{FB371347-A633-4B62-966B-CD55D493B179}.Debug|x64.ActiveCfg = Debug|Any CPU
		{FB371347-A633-4B62-966B-CD55D493B179}.Debug|x64.Build.0 = Debug|Any CPU
		{FB371347-A633-4B62-966B-CD55D493B179}.Debug|x86.ActiveCfg = Debug|Any CPU
		{FB371347-A633-4B62-966B-CD55D493B179}.Debug|x86.Build.0 = Debug|Any CPU
		{FB371347-A633-4B62-966B-CD55D493B179}.Release|Any CPU.ActiveCfg = Release|Any CPU
		{FB371347-A633-4B62-966B-CD55D493B179}.Release|Any CPU.Build.0 = Release|Any CPU
		{FB371347-A633-4B62-966B-CD55D493B179}.Release|x64.ActiveCfg = Release|Any CPU
		{FB371347-A633-4B62-966B-CD55D493B179}.Release|x64.Build.0 = Release|Any CPU
		{FB371347-A633-4B62-966B-CD55D493B179}.Release|x86.ActiveCfg = Release|Any CPU
		{FB371347-A633-4B62-966B-CD55D493B179}.Release|x86.Build.0 = Release|Any CPU
		{4032194F-E56D-49AD-8A1E-6C3D4861DEE7}.Debug|Any CPU.ActiveCfg = Debug|Any CPU
		{4032194F-E56D-49AD-8A1E-6C3D4861DEE7}.Debug|Any CPU.Build.0 = Debug|Any CPU
		{4032194F-E56D-49AD-8A1E-6C3D4861DEE7}.Debug|x64.ActiveCfg = Debug|Any CPU
		{4032194F-E56D-49AD-8A1E-6C3D4861DEE7}.Debug|x64.Build.0 = Debug|Any CPU
		{4032194F-E56D-49AD-8A1E-6C3D4861DEE7}.Debug|x86.ActiveCfg = Debug|Any CPU
		{4032194F-E56D-49AD-8A1E-6C3D4861DEE7}.Debug|x86.Build.0 = Debug|Any CPU
		{4032194F-E56D-49AD-8A1E-6C3D4861DEE7}.Release|Any CPU.ActiveCfg = Release|Any CPU
		{4032194F-E56D-49AD-8A1E-6C3D4861DEE7}.Release|Any CPU.Build.0 = Release|Any CPU
		{4032194F-E56D-49AD-8A1E-6C3D4861DEE7}.Release|x64.ActiveCfg = Release|Any CPU
		{4032194F-E56D-49AD-8A1E-6C3D4861DEE7}.Release|x64.Build.0 = Release|Any CPU
		{4032194F-E56D-49AD-8A1E-6C3D4861DEE7}.Release|x86.ActiveCfg = Release|Any CPU
		{4032194F-E56D-49AD-8A1E-6C3D4861DEE7}.Release|x86.Build.0 = Release|Any CPU
		{2011A2F7-DC1D-47CB-8C15-A41DE91AA39A}.Debug|Any CPU.ActiveCfg = Debug|Any CPU
		{2011A2F7-DC1D-47CB-8C15-A41DE91AA39A}.Debug|Any CPU.Build.0 = Debug|Any CPU
		{2011A2F7-DC1D-47CB-8C15-A41DE91AA39A}.Debug|x64.ActiveCfg = Debug|Any CPU
		{2011A2F7-DC1D-47CB-8C15-A41DE91AA39A}.Debug|x64.Build.0 = Debug|Any CPU
		{2011A2F7-DC1D-47CB-8C15-A41DE91AA39A}.Debug|x86.ActiveCfg = Debug|Any CPU
		{2011A2F7-DC1D-47CB-8C15-A41DE91AA39A}.Debug|x86.Build.0 = Debug|Any CPU
		{2011A2F7-DC1D-47CB-8C15-A41DE91AA39A}.Release|Any CPU.ActiveCfg = Release|Any CPU
		{2011A2F7-DC1D-47CB-8C15-A41DE91AA39A}.Release|Any CPU.Build.0 = Release|Any CPU
		{2011A2F7-DC1D-47CB-8C15-A41DE91AA39A}.Release|x64.ActiveCfg = Release|Any CPU
		{2011A2F7-DC1D-47CB-8C15-A41DE91AA39A}.Release|x64.Build.0 = Release|Any CPU
		{2011A2F7-DC1D-47CB-8C15-A41DE91AA39A}.Release|x86.ActiveCfg = Release|Any CPU
		{2011A2F7-DC1D-47CB-8C15-A41DE91AA39A}.Release|x86.Build.0 = Release|Any CPU
		{30EFA83A-F611-4912-9F3C-247000F5AC23}.Debug|Any CPU.ActiveCfg = Debug|Any CPU
		{30EFA83A-F611-4912-9F3C-247000F5AC23}.Debug|Any CPU.Build.0 = Debug|Any CPU
		{30EFA83A-F611-4912-9F3C-247000F5AC23}.Debug|x64.ActiveCfg = Debug|Any CPU
		{30EFA83A-F611-4912-9F3C-247000F5AC23}.Debug|x64.Build.0 = Debug|Any CPU
		{30EFA83A-F611-4912-9F3C-247000F5AC23}.Debug|x86.ActiveCfg = Debug|Any CPU
		{30EFA83A-F611-4912-9F3C-247000F5AC23}.Debug|x86.Build.0 = Debug|Any CPU
		{30EFA83A-F611-4912-9F3C-247000F5AC23}.Release|Any CPU.ActiveCfg = Release|Any CPU
		{30EFA83A-F611-4912-9F3C-247000F5AC23}.Release|Any CPU.Build.0 = Release|Any CPU
		{30EFA83A-F611-4912-9F3C-247000F5AC23}.Release|x64.ActiveCfg = Release|Any CPU
		{30EFA83A-F611-4912-9F3C-247000F5AC23}.Release|x64.Build.0 = Release|Any CPU
		{30EFA83A-F611-4912-9F3C-247000F5AC23}.Release|x86.ActiveCfg = Release|Any CPU
		{30EFA83A-F611-4912-9F3C-247000F5AC23}.Release|x86.Build.0 = Release|Any CPU
		{B5DE1315-AD1E-4DA2-BEF4-2D4EB7038423}.Debug|Any CPU.ActiveCfg = Debug|Any CPU
		{B5DE1315-AD1E-4DA2-BEF4-2D4EB7038423}.Debug|Any CPU.Build.0 = Debug|Any CPU
		{B5DE1315-AD1E-4DA2-BEF4-2D4EB7038423}.Debug|x64.ActiveCfg = Debug|Any CPU
		{B5DE1315-AD1E-4DA2-BEF4-2D4EB7038423}.Debug|x64.Build.0 = Debug|Any CPU
		{B5DE1315-AD1E-4DA2-BEF4-2D4EB7038423}.Debug|x86.ActiveCfg = Debug|Any CPU
		{B5DE1315-AD1E-4DA2-BEF4-2D4EB7038423}.Debug|x86.Build.0 = Debug|Any CPU
		{B5DE1315-AD1E-4DA2-BEF4-2D4EB7038423}.Release|Any CPU.ActiveCfg = Release|Any CPU
		{B5DE1315-AD1E-4DA2-BEF4-2D4EB7038423}.Release|Any CPU.Build.0 = Release|Any CPU
		{B5DE1315-AD1E-4DA2-BEF4-2D4EB7038423}.Release|x64.ActiveCfg = Release|Any CPU
		{B5DE1315-AD1E-4DA2-BEF4-2D4EB7038423}.Release|x64.Build.0 = Release|Any CPU
		{B5DE1315-AD1E-4DA2-BEF4-2D4EB7038423}.Release|x86.ActiveCfg = Release|Any CPU
		{B5DE1315-AD1E-4DA2-BEF4-2D4EB7038423}.Release|x86.Build.0 = Release|Any CPU
		{114A98C2-3056-4271-B700-81DA7FD38932}.Debug|Any CPU.ActiveCfg = Debug|Any CPU
		{114A98C2-3056-4271-B700-81DA7FD38932}.Debug|Any CPU.Build.0 = Debug|Any CPU
		{114A98C2-3056-4271-B700-81DA7FD38932}.Debug|x64.ActiveCfg = Debug|Any CPU
		{114A98C2-3056-4271-B700-81DA7FD38932}.Debug|x64.Build.0 = Debug|Any CPU
		{114A98C2-3056-4271-B700-81DA7FD38932}.Debug|x86.ActiveCfg = Debug|Any CPU
		{114A98C2-3056-4271-B700-81DA7FD38932}.Debug|x86.Build.0 = Debug|Any CPU
		{114A98C2-3056-4271-B700-81DA7FD38932}.Release|Any CPU.ActiveCfg = Release|Any CPU
		{114A98C2-3056-4271-B700-81DA7FD38932}.Release|Any CPU.Build.0 = Release|Any CPU
		{114A98C2-3056-4271-B700-81DA7FD38932}.Release|x64.ActiveCfg = Release|Any CPU
		{114A98C2-3056-4271-B700-81DA7FD38932}.Release|x64.Build.0 = Release|Any CPU
		{114A98C2-3056-4271-B700-81DA7FD38932}.Release|x86.ActiveCfg = Release|Any CPU
		{114A98C2-3056-4271-B700-81DA7FD38932}.Release|x86.Build.0 = Release|Any CPU
		{568C30C3-DA73-4E08-A524-4FAB57C4082B}.Debug|Any CPU.ActiveCfg = Debug|Any CPU
		{568C30C3-DA73-4E08-A524-4FAB57C4082B}.Debug|Any CPU.Build.0 = Debug|Any CPU
		{568C30C3-DA73-4E08-A524-4FAB57C4082B}.Debug|x64.ActiveCfg = Debug|Any CPU
		{568C30C3-DA73-4E08-A524-4FAB57C4082B}.Debug|x64.Build.0 = Debug|Any CPU
		{568C30C3-DA73-4E08-A524-4FAB57C4082B}.Debug|x86.ActiveCfg = Debug|Any CPU
		{568C30C3-DA73-4E08-A524-4FAB57C4082B}.Debug|x86.Build.0 = Debug|Any CPU
		{568C30C3-DA73-4E08-A524-4FAB57C4082B}.Release|Any CPU.ActiveCfg = Release|Any CPU
		{568C30C3-DA73-4E08-A524-4FAB57C4082B}.Release|Any CPU.Build.0 = Release|Any CPU
		{568C30C3-DA73-4E08-A524-4FAB57C4082B}.Release|x64.ActiveCfg = Release|Any CPU
		{568C30C3-DA73-4E08-A524-4FAB57C4082B}.Release|x64.Build.0 = Release|Any CPU
		{568C30C3-DA73-4E08-A524-4FAB57C4082B}.Release|x86.ActiveCfg = Release|Any CPU
		{568C30C3-DA73-4E08-A524-4FAB57C4082B}.Release|x86.Build.0 = Release|Any CPU
		{EE5D71EE-7C08-44CF-954B-31352D60AA33}.Debug|Any CPU.ActiveCfg = Debug|Any CPU
		{EE5D71EE-7C08-44CF-954B-31352D60AA33}.Debug|Any CPU.Build.0 = Debug|Any CPU
		{EE5D71EE-7C08-44CF-954B-31352D60AA33}.Debug|x64.ActiveCfg = Debug|Any CPU
		{EE5D71EE-7C08-44CF-954B-31352D60AA33}.Debug|x64.Build.0 = Debug|Any CPU
		{EE5D71EE-7C08-44CF-954B-31352D60AA33}.Debug|x86.ActiveCfg = Debug|Any CPU
		{EE5D71EE-7C08-44CF-954B-31352D60AA33}.Debug|x86.Build.0 = Debug|Any CPU
		{EE5D71EE-7C08-44CF-954B-31352D60AA33}.Release|Any CPU.ActiveCfg = Release|Any CPU
		{EE5D71EE-7C08-44CF-954B-31352D60AA33}.Release|Any CPU.Build.0 = Release|Any CPU
		{EE5D71EE-7C08-44CF-954B-31352D60AA33}.Release|x64.ActiveCfg = Release|Any CPU
		{EE5D71EE-7C08-44CF-954B-31352D60AA33}.Release|x64.Build.0 = Release|Any CPU
		{EE5D71EE-7C08-44CF-954B-31352D60AA33}.Release|x86.ActiveCfg = Release|Any CPU
		{EE5D71EE-7C08-44CF-954B-31352D60AA33}.Release|x86.Build.0 = Release|Any CPU
		{3435330F-4839-4AC4-A418-F3B9ED6782AF}.Debug|Any CPU.ActiveCfg = Debug|Any CPU
		{3435330F-4839-4AC4-A418-F3B9ED6782AF}.Debug|Any CPU.Build.0 = Debug|Any CPU
		{3435330F-4839-4AC4-A418-F3B9ED6782AF}.Debug|x64.ActiveCfg = Debug|Any CPU
		{3435330F-4839-4AC4-A418-F3B9ED6782AF}.Debug|x64.Build.0 = Debug|Any CPU
		{3435330F-4839-4AC4-A418-F3B9ED6782AF}.Debug|x86.ActiveCfg = Debug|Any CPU
		{3435330F-4839-4AC4-A418-F3B9ED6782AF}.Debug|x86.Build.0 = Debug|Any CPU
		{3435330F-4839-4AC4-A418-F3B9ED6782AF}.Release|Any CPU.ActiveCfg = Release|Any CPU
		{3435330F-4839-4AC4-A418-F3B9ED6782AF}.Release|Any CPU.Build.0 = Release|Any CPU
		{3435330F-4839-4AC4-A418-F3B9ED6782AF}.Release|x64.ActiveCfg = Release|Any CPU
		{3435330F-4839-4AC4-A418-F3B9ED6782AF}.Release|x64.Build.0 = Release|Any CPU
		{3435330F-4839-4AC4-A418-F3B9ED6782AF}.Release|x86.ActiveCfg = Release|Any CPU
		{3435330F-4839-4AC4-A418-F3B9ED6782AF}.Release|x86.Build.0 = Release|Any CPU
		{A91738CD-6C39-48C2-AF24-CE9E85BC16E1}.Debug|Any CPU.ActiveCfg = Debug|Any CPU
		{A91738CD-6C39-48C2-AF24-CE9E85BC16E1}.Debug|Any CPU.Build.0 = Debug|Any CPU
		{A91738CD-6C39-48C2-AF24-CE9E85BC16E1}.Debug|x64.ActiveCfg = Debug|Any CPU
		{A91738CD-6C39-48C2-AF24-CE9E85BC16E1}.Debug|x64.Build.0 = Debug|Any CPU
		{A91738CD-6C39-48C2-AF24-CE9E85BC16E1}.Debug|x86.ActiveCfg = Debug|Any CPU
		{A91738CD-6C39-48C2-AF24-CE9E85BC16E1}.Debug|x86.Build.0 = Debug|Any CPU
		{A91738CD-6C39-48C2-AF24-CE9E85BC16E1}.Release|Any CPU.ActiveCfg = Release|Any CPU
		{A91738CD-6C39-48C2-AF24-CE9E85BC16E1}.Release|Any CPU.Build.0 = Release|Any CPU
		{A91738CD-6C39-48C2-AF24-CE9E85BC16E1}.Release|x64.ActiveCfg = Release|Any CPU
		{A91738CD-6C39-48C2-AF24-CE9E85BC16E1}.Release|x64.Build.0 = Release|Any CPU
		{A91738CD-6C39-48C2-AF24-CE9E85BC16E1}.Release|x86.ActiveCfg = Release|Any CPU
		{A91738CD-6C39-48C2-AF24-CE9E85BC16E1}.Release|x86.Build.0 = Release|Any CPU
		{E1CEDF5E-7144-4E56-B792-66B732895CF8}.Debug|Any CPU.ActiveCfg = Debug|Any CPU
		{E1CEDF5E-7144-4E56-B792-66B732895CF8}.Debug|Any CPU.Build.0 = Debug|Any CPU
		{E1CEDF5E-7144-4E56-B792-66B732895CF8}.Debug|x64.ActiveCfg = Debug|Any CPU
		{E1CEDF5E-7144-4E56-B792-66B732895CF8}.Debug|x64.Build.0 = Debug|Any CPU
		{E1CEDF5E-7144-4E56-B792-66B732895CF8}.Debug|x86.ActiveCfg = Debug|Any CPU
		{E1CEDF5E-7144-4E56-B792-66B732895CF8}.Debug|x86.Build.0 = Debug|Any CPU
		{E1CEDF5E-7144-4E56-B792-66B732895CF8}.Release|Any CPU.ActiveCfg = Release|Any CPU
		{E1CEDF5E-7144-4E56-B792-66B732895CF8}.Release|Any CPU.Build.0 = Release|Any CPU
		{E1CEDF5E-7144-4E56-B792-66B732895CF8}.Release|x64.ActiveCfg = Release|Any CPU
		{E1CEDF5E-7144-4E56-B792-66B732895CF8}.Release|x64.Build.0 = Release|Any CPU
		{E1CEDF5E-7144-4E56-B792-66B732895CF8}.Release|x86.ActiveCfg = Release|Any CPU
		{E1CEDF5E-7144-4E56-B792-66B732895CF8}.Release|x86.Build.0 = Release|Any CPU
		{503AE100-5C4D-4D3E-9E1C-50C7AA84449E}.Debug|Any CPU.ActiveCfg = Debug|Any CPU
		{503AE100-5C4D-4D3E-9E1C-50C7AA84449E}.Debug|Any CPU.Build.0 = Debug|Any CPU
		{503AE100-5C4D-4D3E-9E1C-50C7AA84449E}.Debug|x64.ActiveCfg = Debug|Any CPU
		{503AE100-5C4D-4D3E-9E1C-50C7AA84449E}.Debug|x64.Build.0 = Debug|Any CPU
		{503AE100-5C4D-4D3E-9E1C-50C7AA84449E}.Debug|x86.ActiveCfg = Debug|Any CPU
		{503AE100-5C4D-4D3E-9E1C-50C7AA84449E}.Debug|x86.Build.0 = Debug|Any CPU
		{503AE100-5C4D-4D3E-9E1C-50C7AA84449E}.Release|Any CPU.ActiveCfg = Release|Any CPU
		{503AE100-5C4D-4D3E-9E1C-50C7AA84449E}.Release|Any CPU.Build.0 = Release|Any CPU
		{503AE100-5C4D-4D3E-9E1C-50C7AA84449E}.Release|x64.ActiveCfg = Release|Any CPU
		{503AE100-5C4D-4D3E-9E1C-50C7AA84449E}.Release|x64.Build.0 = Release|Any CPU
		{503AE100-5C4D-4D3E-9E1C-50C7AA84449E}.Release|x86.ActiveCfg = Release|Any CPU
		{503AE100-5C4D-4D3E-9E1C-50C7AA84449E}.Release|x86.Build.0 = Release|Any CPU
	EndGlobalSection
	GlobalSection(SolutionProperties) = preSolution
		HideSolutionNode = FALSE
	EndGlobalSection
	GlobalSection(NestedProjects) = preSolution
		{6ABB8ABB-61EB-49F3-9EC7-309ADBCAEC88} = {FBF56CC3-7AE6-AD2D-3F14-7F97FD322CD6}
		{7FBC8620-0439-4B81-829B-5B20EDF55D6F} = {B41BF331-FCCB-2ADF-CDB6-767964B34647}
		{4755E6D0-08E6-41C1-9034-3183D45C9FF3} = {62F57BB6-AF1A-F166-D03B-C5F0DB11F699}
		{3422DBBD-5D87-487B-B03B-EBB4AD552A48} = {549A28BB-0260-FBDA-8AF1-943279ECC862}
		{FB371347-A633-4B62-966B-CD55D493B179} = {493EA8EA-61FD-474A-8D48-0E4D51D6225F}
		{4032194F-E56D-49AD-8A1E-6C3D4861DEE7} = {0AE9356B-9A80-BE18-6E73-73CF4025CC47}
		{2011A2F7-DC1D-47CB-8C15-A41DE91AA39A} = {0AE9356B-9A80-BE18-6E73-73CF4025CC47}
		{30EFA83A-F611-4912-9F3C-247000F5AC23} = {0AE9356B-9A80-BE18-6E73-73CF4025CC47}
		{B5DE1315-AD1E-4DA2-BEF4-2D4EB7038423} = {B41BF331-FCCB-2ADF-CDB6-767964B34647}
		{114A98C2-3056-4271-B700-81DA7FD38932} = {62F57BB6-AF1A-F166-D03B-C5F0DB11F699}
		{568C30C3-DA73-4E08-A524-4FAB57C4082B} = {0AB3BF05-4346-4AA6-1389-037BE0695223}
		{30012F5B-8D5E-E53D-93C1-0890C41C65FA} = {62F57BB6-AF1A-F166-D03B-C5F0DB11F699}
		{EE5D71EE-7C08-44CF-954B-31352D60AA33} = {30012F5B-8D5E-E53D-93C1-0890C41C65FA}
		{3435330F-4839-4AC4-A418-F3B9ED6782AF} = {30012F5B-8D5E-E53D-93C1-0890C41C65FA}
		{A91738CD-6C39-48C2-AF24-CE9E85BC16E1} = {BBD3DA59-949E-DE27-B4B0-19AAD67562FF}
		{E1CEDF5E-7144-4E56-B792-66B732895CF8} = {B41BF331-FCCB-2ADF-CDB6-767964B34647}
		{503AE100-5C4D-4D3E-9E1C-50C7AA84449E} = {B41BF331-FCCB-2ADF-CDB6-767964B34647}
	EndGlobalSection
	GlobalSection(ExtensibilityGlobals) = postSolution
		SolutionGuid = {44EE19F4-B196-40CA-B853-E5FF7952C6E9}
	EndGlobalSection
EndGlobal
