<Solution>
  <Folder Name="/Solution Items/">
    <File Path="../../../.editorconfig" />
    <File Path="../../../Directory.Build.props" />
  </Folder>
  <Folder Name="/CICD/">
    <File Path="../../../azure-pipelines.yml" />
  </Folder>
  <Project Path="../../Solution.Parser.Xaml/Solution.Parser.Xaml.csproj" />
  <Project Path="../../Solution.Parser.Xaml.Test/Solution.Parser.Xaml.Test.csproj">
    <BuildDependency Project="../../Solution.Parser.Xaml/Solution.Parser.Xaml.csproj" />
  </Project>
</Solution>
